
Microsoft Visual Studio Solution File, Format Version 12.00
# Visual Studio Version 16
VisualStudioVersion = 16.0.29503.13
MinimumVisualStudioVersion = 10.0.40219.1
Project("{FAE04EC0-301F-11D3-BF4B-00C04F79EFBC}") = "LPFP", "LPFP\LPFP.csproj", "{4FAA9EAE-D172-4800-908A-0CDE067863B0}"
EndProject
Project("{FAE04EC0-301F-11D3-BF4B-00C04F79EFBC}") = "LPFP.Entities", "LPFP.Entities\LPFP.Entities.csproj", "{7EBD3408-6259-47AD-BB9E-0ACF73FD3346}"
EndProject
Project("{FAE04EC0-301F-11D3-BF4B-00C04F79EFBC}") = "LPFP.API", "LPFP.API\LPFP.API.csproj", "{69A12879-E79F-45C6-9A87-DAEBA620F7D0}"
EndProject
Global
	GlobalSection(SolutionConfigurationPlatforms) = preSolution
		Debug|Any CPU = Debug|Any CPU
		Release|Any CPU = Release|Any CPU
	EndGlobalSection
	GlobalSection(ProjectConfigurationPlatforms) = postSolution
		{4FAA9EAE-D172-4800-908A-0CDE067863B0}.Debug|Any CPU.ActiveCfg = Debug|Any CPU
		{4FAA9EAE-D172-4800-908A-0CDE067863B0}.Debug|Any CPU.Build.0 = Debug|Any CPU
		{4FAA9EAE-D172-4800-908A-0CDE067863B0}.Release|Any CPU.ActiveCfg = Release|Any CPU
		{4FAA9EAE-D172-4800-908A-0CDE067863B0}.Release|Any CPU.Build.0 = Release|Any CPU
		{7EBD3408-6259-47AD-BB9E-0ACF73FD3346}.Debug|Any CPU.ActiveCfg = Debug|Any CPU
		{7EBD3408-6259-47AD-BB9E-0ACF73FD3346}.Debug|Any CPU.Build.0 = Debug|Any CPU
		{7EBD3408-6259-47AD-BB9E-0ACF73FD3346}.Release|Any CPU.ActiveCfg = Release|Any CPU
		{7EBD3408-6259-47AD-BB9E-0ACF73FD3346}.Release|Any CPU.Build.0 = Release|Any CPU
		{69A12879-E79F-45C6-9A87-DAEBA620F7D0}.Debug|Any CPU.ActiveCfg = Debug|Any CPU
		{69A12879-E79F-45C6-9A87-DAEBA620F7D0}.Debug|Any CPU.Build.0 = Debug|Any CPU
		{69A12879-E79F-45C6-9A87-DAEBA620F7D0}.Release|Any CPU.ActiveCfg = Release|Any CPU
		{69A12879-E79F-45C6-9A87-DAEBA620F7D0}.Release|Any CPU.Build.0 = Release|Any CPU
	EndGlobalSection
	GlobalSection(SolutionProperties) = preSolution
		HideSolutionNode = FALSE
	EndGlobalSection
	GlobalSection(ExtensibilityGlobals) = postSolution
		SolutionGuid = {633E93AC-4DA0-4C69-9D9D-94EB261839C4}
	EndGlobalSection
EndGlobal
